// !$*UTF8*$!
{
	archiveVersion = 1;
	classes = {
	};
	objectVersion = 77;
	objects = {

/* Begin PBXContainerItemProxy section */
		52C8346C2DC16901002169F7 /* PBXContainerItemProxy */ = {
			isa = PBXContainerItemProxy;
			containerPortal = 52C834552DC16900002169F7 /* Project object */;
			proxyType = 1;
			remoteGlobalIDString = 52C8345C2DC16900002169F7;
			remoteInfo = SwiftPDFEditor;
		};
		52C834762DC16901002169F7 /* PBXContainerItemProxy */ = {
			isa = PBXContainerItemProxy;
			containerPortal = 52C834552DC16900002169F7 /* Project object */;
			proxyType = 1;
			remoteGlobalIDString = 52C8345C2DC16900002169F7;
			remoteInfo = SwiftPDFEditor;
		};
/* End PBXContainerItemProxy section */

/* Begin PBXFileReference section */
		52C8345D2DC16900002169F7 /* SwiftPDFEditor.app */ = {isa = PBXFileReference; explicitFileType = wrapper.application; includeInIndex = 0; path = SwiftPDFEditor.app; sourceTree = BUILT_PRODUCTS_DIR; };
		52C8346B2DC16901002169F7 /* SwiftPDFEditorTests.xctest */ = {isa = PBXFileReference; explicitFileType = wrapper.cfbundle; includeInIndex = 0; path = SwiftPDFEditorTests.xctest; sourceTree = BUILT_PRODUCTS_DIR; };
		52C834752DC16901002169F7 /* SwiftPDFEditorUITests.xctest */ = {isa = PBXFileReference; explicitFileType = wrapper.cfbundle; includeInIndex = 0; path = SwiftPDFEditorUITests.xctest; sourceTree = BUILT_PRODUCTS_DIR; };
/* End PBXFileReference section */

/* Begin PBXFileSystemSynchronizedRootGroup section */
		52C8345F2DC16900002169F7 /* SwiftPDFEditor */ = {
			isa = PBXFileSystemSynchronizedRootGroup;
			path = SwiftPDFEditor;
			sourceTree = "<group>";
		};
		52C8346E2DC16901002169F7 /* SwiftPDFEditorTests */ = {
			isa = PBXFileSystemSynchronizedRootGroup;
			path = SwiftPDFEditorTests;
			sourceTree = "<group>";
		};
		52C834782DC16901002169F7 /* SwiftPDFEditorUITests */ = {
			isa = PBXFileSystemSynchronizedRootGroup;
			path = SwiftPDFEditorUITests;
			sourceTree = "<group>";
		};
/* End PBXFileSystemSynchronizedRootGroup section */

/* Begin PBXFrameworksBuildPhase section */
		52C8345A2DC16900002169F7 /* Frameworks */ = {
			isa = PBXFrameworksBuildPhase;
			buildActionMask = 2147483647;
			files = (
			);
			runOnlyForDeploymentPostprocessing = 0;
		};
		52C834682DC16901002169F7 /* Frameworks */ = {
			isa = PBXFrameworksBuildPhase;
			buildActionMask = 2147483647;
			files = (
			);
			runOnlyForDeploymentPostprocessing = 0;
		};
		52C834722DC16901002169F7 /* Frameworks */ = {
			isa = PBXFrameworksBuildPhase;
			buildActionMask = 2147483647;
			files = (
			);
			runOnlyForDeploymentPostprocessing = 0;
		};
/* End PBXFrameworksBuildPhase section */

/* Begin PBXGroup section */
		52C834542DC16900002169F7 = {
			isa = PBXGroup;
			children = (
				52C8345F2DC16900002169F7 /* SwiftPDFEditor */,
				52C8346E2DC16901002169F7 /* SwiftPDFEditorTests */,
				52C834782DC16901002169F7 /* SwiftPDFEditorUITests */,
				52C8345E2DC16900002169F7 /* Products */,
			);
			sourceTree = "<group>";
		};
		52C8345E2DC16900002169F7 /* Products */ = {
			isa = PBXGroup;
			children = (
				52C8345D2DC16900002169F7 /* SwiftPDFEditor.app */,
				52C8346B2DC16901002169F7 /* SwiftPDFEditorTests.xctest */,
				52C834752DC16901002169F7 /* SwiftPDFEditorUITests.xctest */,
			);
			name = Products;
			sourceTree = "<group>";
		};
/* End PBXGroup section */

/* Begin PBXNativeTarget section */
		52C8345C2DC16900002169F7 /* SwiftPDFEditor */ = {
			isa = PBXNativeTarget;
			buildConfigurationList = 52C8347F2DC16901002169F7 /* Build configuration list for PBXNativeTarget "SwiftPDFEditor" */;
			buildPhases = (
				52C834592DC16900002169F7 /* Sources */,
				52C8345A2DC16900002169F7 /* Frameworks */,
				52C8345B2DC16900002169F7 /* Resources */,
			);
			buildRules = (
			);
			dependencies = (
			);
			fileSystemSynchronizedGroups = (
				52C8345F2DC16900002169F7 /* SwiftPDFEditor */,
			);
			name = SwiftPDFEditor;
			packageProductDependencies = (
			);
			productName = SwiftPDFEditor;
			productReference = 52C8345D2DC16900002169F7 /* SwiftPDFEditor.app */;
			productType = "com.apple.product-type.application";
		};
		52C8346A2DC16901002169F7 /* SwiftPDFEditorTests */ = {
			isa = PBXNativeTarget;
			buildConfigurationList = 52C834822DC16901002169F7 /* Build configuration list for PBXNativeTarget "SwiftPDFEditorTests" */;
			buildPhases = (
				52C834672DC16901002169F7 /* Sources */,
				52C834682DC16901002169F7 /* Frameworks */,
				52C834692DC16901002169F7 /* Resources */,
			);
			buildRules = (
			);
			dependencies = (
				52C8346D2DC16901002169F7 /* PBXTargetDependency */,
			);
			fileSystemSynchronizedGroups = (
				52C8346E2DC16901002169F7 /* SwiftPDFEditorTests */,
			);
			name = SwiftPDFEditorTests;
			packageProductDependencies = (
			);
			productName = SwiftPDFEditorTests;
			productReference = 52C8346B2DC16901002169F7 /* SwiftPDFEditorTests.xctest */;
			productType = "com.apple.product-type.bundle.unit-test";
		};
		52C834742DC16901002169F7 /* SwiftPDFEditorUITests */ = {
			isa = PBXNativeTarget;
			buildConfigurationList = 52C834852DC16901002169F7 /* Build configuration list for PBXNativeTarget "SwiftPDFEditorUITests" */;
			buildPhases = (
				52C834712DC16901002169F7 /* Sources */,
				52C834722DC16901002169F7 /* Frameworks */,
				52C834732DC16901002169F7 /* Resources */,
			);
			buildRules = (
			);
			dependencies = (
				52C834772DC16901002169F7 /* PBXTargetDependency */,
			);
			fileSystemSynchronizedGroups = (
				52C834782DC16901002169F7 /* SwiftPDFEditorUITests */,
			);
			name = SwiftPDFEditorUITests;
			packageProductDependencies = (
			);
			productName = SwiftPDFEditorUITests;
			productReference = 52C834752DC16901002169F7 /* SwiftPDFEditorUITests.xctest */;
			productType = "com.apple.product-type.bundle.ui-testing";
		};
/* End PBXNativeTarget section */

/* Begin PBXProject section */
		52C834552DC16900002169F7 /* Project object */ = {
			isa = PBXProject;
			attributes = {
				BuildIndependentTargetsInParallel = 1;
				LastSwiftUpdateCheck = 1630;
				LastUpgradeCheck = 1630;
				TargetAttributes = {
					52C8345C2DC16900002169F7 = {
						CreatedOnToolsVersion = 16.3;
					};
					52C8346A2DC16901002169F7 = {
						CreatedOnToolsVersion = 16.3;
						TestTargetID = 52C8345C2DC16900002169F7;
					};
					52C834742DC16901002169F7 = {
						CreatedOnToolsVersion = 16.3;
						TestTargetID = 52C8345C2DC16900002169F7;
					};
				};
			};
			buildConfigurationList = 52C834582DC16900002169F7 /* Build configuration list for PBXProject "SwiftPDFEditor" */;
			developmentRegion = en;
			hasScannedForEncodings = 0;
			knownRegions = (
				en,
				Base,
			);
			mainGroup = 52C834542DC16900002169F7;
			minimizedProjectReferenceProxies = 1;
			preferredProjectObjectVersion = 77;
			productRefGroup = 52C8345E2DC16900002169F7 /* Products */;
			projectDirPath = "";
			projectRoot = "";
			targets = (
				52C8345C2DC16900002169F7 /* SwiftPDFEditor */,
				52C8346A2DC16901002169F7 /* SwiftPDFEditorTests */,
				52C834742DC16901002169F7 /* SwiftPDFEditorUITests */,
			);
		};
/* End PBXProject section */

/* Begin PBXResourcesBuildPhase section */
		52C8345B2DC16900002169F7 /* Resources */ = {
			isa = PBXResourcesBuildPhase;
			buildActionMask = 2147483647;
			files = (
			);
			runOnlyForDeploymentPostprocessing = 0;
		};
		52C834692DC16901002169F7 /* Resources */ = {
			isa = PBXResourcesBuildPhase;
			buildActionMask = 2147483647;
			files = (
			);
			runOnlyForDeploymentPostprocessing = 0;
		};
		52C834732DC16901002169F7 /* Resources */ = {
			isa = PBXResourcesBuildPhase;
			buildActionMask = 2147483647;
			files = (
			);
			runOnlyForDeploymentPostprocessing = 0;
		};
/* End PBXResourcesBuildPhase section */

/* Begin PBXSourcesBuildPhase section */
		52C834592DC16900002169F7 /* Sources */ = {
			isa = PBXSourcesBuildPhase;
			buildActionMask = 2147483647;
			files = (
			);
			runOnlyForDeploymentPostprocessing = 0;
		};
		52C834672DC16901002169F7 /* Sources */ = {
			isa = PBXSourcesBuildPhase;
			buildActionMask = 2147483647;
			files = (
			);
			runOnlyForDeploymentPostprocessing = 0;
		};
		52C834712DC16901002169F7 /* Sources */ = {
			isa = PBXSourcesBuildPhase;
			buildActionMask = 2147483647;
			files = (
			);
			runOnlyForDeploymentPostprocessing = 0;
		};
/* End PBXSourcesBuildPhase section */

/* Begin PBXTargetDependency section */
		52C8346D2DC16901002169F7 /* PBXTargetDependency */ = {
			isa = PBXTargetDependency;
			target = 52C8345C2DC16900002169F7 /* SwiftPDFEditor */;
			targetProxy = 52C8346C2DC16901002169F7 /* PBXContainerItemProxy */;
		};
		52C834772DC16901002169F7 /* PBXTargetDependency */ = {
			isa = PBXTargetDependency;
			target = 52C8345C2DC16900002169F7 /* SwiftPDFEditor */;
			targetProxy = 52C834762DC16901002169F7 /* PBXContainerItemProxy */;
		};
/* End PBXTargetDependency section */

/* Begin XCBuildConfiguration section */
		52C8347D2DC16901002169F7 /* Debug */ = {
			isa = XCBuildConfiguration;
			buildSettings = {
				ALWAYS_SEARCH_USER_PATHS = NO;
				ASSETCATALOG_COMPILER_GENERATE_SWIFT_ASSET_SYMBOL_EXTENSIONS = YES;
				CLANG_ANALYZER_NONNULL = YES;
				CLANG_ANALYZER_NUMBER_OBJECT_CONVERSION = YES_AGGRESSIVE;
				CLANG_CXX_LANGUAGE_STANDARD = "gnu++20";
				CLANG_ENABLE_MODULES = YES;
				CLANG_ENABLE_OBJC_ARC = YES;
				CLANG_ENABLE_OBJC_WEAK = YES;
				CLANG_WARN_BLOCK_CAPTURE_AUTORELEASING = YES;
				CLANG_WARN_BOOL_CONVERSION = YES;
				CLANG_WARN_COMMA = YES;
				CLANG_WARN_CONSTANT_CONVERSION = YES;
				CLANG_WARN_DEPRECATED_OBJC_IMPLEMENTATIONS = YES;
				CLANG_WARN_DIRECT_OBJC_ISA_USAGE = YES_ERROR;
				CLANG_WARN_DOCUMENTATION_COMMENTS = YES;
				CLANG_WARN_EMPTY_BODY = YES;
				CLANG_WARN_ENUM_CONVERSION = YES;
				CLANG_WARN_INFINITE_RECURSION = YES;
				CLANG_WARN_INT_CONVERSION = YES;
				CLANG_WARN_NON_LITERAL_NULL_CONVERSION = YES;
				CLANG_WARN_OBJC_IMPLICIT_RETAIN_SELF = YES;
				CLANG_WARN_OBJC_LITERAL_CONVERSION = YES;
				CLANG_WARN_OBJC_ROOT_CLASS = YES_ERROR;
				CLANG_WARN_QUOTED_INCLUDE_IN_FRAMEWORK_HEADER = YES;
				CLANG_WARN_RANGE_LOOP_ANALYSIS = YES;
				CLANG_WARN_STRICT_PROTOTYPES = YES;
				CLANG_WARN_SUSPICIOUS_MOVE = YES;
				CLANG_WARN_UNGUARDED_AVAILABILITY = YES_AGGRESSIVE;
				CLANG_WARN_UNREACHABLE_CODE = YES;
				CLANG_WARN__DUPLICATE_METHOD_MATCH = YES;
				COPY_PHASE_STRIP = NO;
				DEBUG_INFORMATION_FORMAT = dwarf;
				ENABLE_STRICT_OBJC_MSGSEND = YES;
				ENABLE_TESTABILITY = YES;
				ENABLE_USER_SCRIPT_SANDBOXING = YES;
				GCC_C_LANGUAGE_STANDARD = gnu17;
				GCC_DYNAMIC_NO_PIC = NO;
				GCC_NO_COMMON_BLOCKS = YES;
				GCC_OPTIMIZATION_LEVEL = 0;
				GCC_PREPROCESSOR_DEFINITIONS = (
					"DEBUG=1",
					"$(inherited)",
				);
				GCC_WARN_64_TO_32_BIT_CONVERSION = YES;
				GCC_WARN_ABOUT_RETURN_TYPE = YES_ERROR;
				GCC_WARN_UNDECLARED_SELECTOR = YES;
				GCC_WARN_UNINITIALIZED_AUTOS = YES_AGGRESSIVE;
				GCC_WARN_UNUSED_FUNCTION = YES;
				GCC_WARN_UNUSED_VARIABLE = YES;
				LOCALIZATION_PREFERS_STRING_CATALOGS = YES;
				MACOSX_DEPLOYMENT_TARGET = 15.4;
				MTL_ENABLE_DEBUG_INFO = INCLUDE_SOURCE;
				MTL_FAST_MATH = YES;
				ONLY_ACTIVE_ARCH = YES;
				SDKROOT = macosx;
				SWIFT_ACTIVE_COMPILATION_CONDITIONS = "DEBUG $(inherited)";
				SWIFT_OPTIMIZATION_LEVEL = "-Onone";
			};
			name = Debug;
		};
		52C8347E2DC16901002169F7 /* Release */ = {
			isa = XCBuildConfiguration;
			buildSettings = {
				ALWAYS_SEARCH_USER_PATHS = NO;
				ASSETCATALOG_COMPILER_GENERATE_SWIFT_ASSET_SYMBOL_EXTENSIONS = YES;
				CLANG_ANALYZER_NONNULL = YES;
				CLANG_ANALYZER_NUMBER_OBJECT_CONVERSION = YES_AGGRESSIVE;
				CLANG_CXX_LANGUAGE_STANDARD = "gnu++20";
				CLANG_ENABLE_MODULES = YES;
				CLANG_ENABLE_OBJC_ARC = YES;
				CLANG_ENABLE_OBJC_WEAK = YES;
				CLANG_WARN_BLOCK_CAPTURE_AUTORELEASING = YES;
				CLANG_WARN_BOOL_CONVERSION = YES;
				CLANG_WARN_COMMA = YES;
				CLANG_WARN_CONSTANT_CONVERSION = YES;
				CLANG_WARN_DEPRECATED_OBJC_IMPLEMENTATIONS = YES;
				CLANG_WARN_DIRECT_OBJC_ISA_USAGE = YES_ERROR;
				CLANG_WARN_DOCUMENTATION_COMMENTS = YES;
				CLANG_WARN_EMPTY_BODY = YES;
				CLANG_WARN_ENUM_CONVERSION = YES;
				CLANG_WARN_INFINITE_RECURSION = YES;
				CLANG_WARN_INT_CONVERSION = YES;
				CLANG_WARN_NON_LITERAL_NULL_CONVERSION = YES;
				CLANG_WARN_OBJC_IMPLICIT_RETAIN_SELF = YES;
				CLANG_WARN_OBJC_LITERAL_CONVERSION = YES;
				CLANG_WARN_OBJC_ROOT_CLASS = YES_ERROR;
				CLANG_WARN_QUOTED_INCLUDE_IN_FRAMEWORK_HEADER = YES;
				CLANG_WARN_RANGE_LOOP_ANALYSIS = YES;
				CLANG_WARN_STRICT_PROTOTYPES = YES;
				CLANG_WARN_SUSPICIOUS_MOVE = YES;
				CLANG_WARN_UNGUARDED_AVAILABILITY = YES_AGGRESSIVE;
				CLANG_WARN_UNREACHABLE_CODE = YES;
				CLANG_WARN__DUPLICATE_METHOD_MATCH = YES;
				COPY_PHASE_STRIP = NO;
				DEBUG_INFORMATION_FORMAT = "dwarf-with-dsym";
				ENABLE_NS_ASSERTIONS = NO;
				ENABLE_STRICT_OBJC_MSGSEND = YES;
				ENABLE_USER_SCRIPT_SANDBOXING = YES;
				GCC_C_LANGUAGE_STANDARD = gnu17;
				GCC_NO_COMMON_BLOCKS = YES;
				GCC_WARN_64_TO_32_BIT_CONVERSION = YES;
				GCC_WARN_ABOUT_RETURN_TYPE = YES_ERROR;
				GCC_WARN_UNDECLARED_SELECTOR = YES;
				GCC_WARN_UNINITIALIZED_AUTOS = YES_AGGRESSIVE;
				GCC_WARN_UNUSED_FUNCTION = YES;
				GCC_WARN_UNUSED_VARIABLE = YES;
				LOCALIZATION_PREFERS_STRING_CATALOGS = YES;
				MACOSX_DEPLOYMENT_TARGET = 15.4;
				MTL_ENABLE_DEBUG_INFO = NO;
				MTL_FAST_MATH = YES;
				SDKROOT = macosx;
				SWIFT_COMPILATION_MODE = wholemodule;
			};
			name = Release;
		};
		52C834802DC16901002169F7 /* Debug */ = {
			isa = XCBuildConfiguration;
			buildSettings = {
				ASSETCATALOG_COMPILER_APPICON_NAME = AppIcon;
				ASSETCATALOG_COMPILER_GLOBAL_ACCENT_COLOR_NAME = AccentColor;
				CODE_SIGN_ENTITLEMENTS = SwiftPDFEditor/SwiftPDFEditor.entitlements;
				"CODE_SIGN_IDENTITY[sdk=macosx*]" = "-";
				CODE_SIGN_STYLE = Automatic;
				COMBINE_HIDPI_IMAGES = YES;
				CURRENT_PROJECT_VERSION = 1;
				DEVELOPMENT_TEAM = UFJWS3NY63;
				ENABLE_PREVIEWS = YES;
				GENERATE_INFOPLIST_FILE = YES;
				INFOPLIST_FILE = SwiftPDFEditor/Info.plist;
				INFOPLIST_KEY_NSHumanReadableCopyright = "";
				LD_RUNPATH_SEARCH_PATHS = (
					"$(inherited)",
					"@executable_path/../Frameworks",
				);
				MARKETING_VERSION = 1.0;
				PRODUCT_BUNDLE_IDENTIFIER = SwiftUI.SwiftPDFEditor;
				PRODUCT_NAME = "$(TARGET_NAME)";
				REGISTER_APP_GROUPS = YES;
				SWIFT_EMIT_LOC_STRINGS = YES;
				SWIFT_VERSION = 5.0;
			};
			name = Debug;
		};
		52C834812DC16901002169F7 /* Release */ = {
			isa = XCBuildConfiguration;
			buildSettings = {
				ASSETCATALOG_COMPILER_APPICON_NAME = AppIcon;
				ASSETCATALOG_COMPILER_GLOBAL_ACCENT_COLOR_NAME = AccentColor;
				CODE_SIGN_ENTITLEMENTS = SwiftPDFEditor/SwiftPDFEditor.entitlements;
				"CODE_SIGN_IDENTITY[sdk=macosx*]" = "-";
				CODE_SIGN_STYLE = Automatic;
				COMBINE_HIDPI_IMAGES = YES;
				CURRENT_PROJECT_VERSION = 1;
				DEVELOPMENT_TEAM = UFJWS3NY63;
				ENABLE_PREVIEWS = YES;
				GENERATE_INFOPLIST_FILE = YES;
				INFOPLIST_FILE = SwiftPDFEditor/Info.plist;
				INFOPLIST_KEY_NSHumanReadableCopyright = "";
				LD_RUNPATH_SEARCH_PATHS = (
					"$(inherited)",
					"@executable_path/../Frameworks",
				);
				MARKETING_VERSION = 1.0;
				PRODUCT_BUNDLE_IDENTIFIER = SwiftUI.SwiftPDFEditor;
				PRODUCT_NAME = "$(TARGET_NAME)";
				REGISTER_APP_GROUPS = YES;
				SWIFT_EMIT_LOC_STRINGS = YES;
				SWIFT_VERSION = 5.0;
			};
			name = Release;
		};
		52C834832DC16901002169F7 /* Debug */ = {
			isa = XCBuildConfiguration;
			buildSettings = {
				BUNDLE_LOADER = "$(TEST_HOST)";
				CODE_SIGN_STYLE = Automatic;
				CURRENT_PROJECT_VERSION = 1;
				GENERATE_INFOPLIST_FILE = YES;
				MACOSX_DEPLOYMENT_TARGET = 15.4;
				MARKETING_VERSION = 1.0;
				PRODUCT_BUNDLE_IDENTIFIER = SwiftUI.SwiftPDFEditorTests;
				PRODUCT_NAME = "$(TARGET_NAME)";
				SWIFT_EMIT_LOC_STRINGS = NO;
				SWIFT_VERSION = 5.0;
				TEST_HOST = "$(BUILT_PRODUCTS_DIR)/SwiftPDFEditor.app/$(BUNDLE_EXECUTABLE_FOLDER_PATH)/SwiftPDFEditor";
			};
			name = Debug;
		};
		52C834842DC16901002169F7 /* Release */ = {
			isa = XCBuildConfiguration;
			buildSettings = {
				BUNDLE_LOADER = "$(TEST_HOST)";
				CODE_SIGN_STYLE = Automatic;
				CURRENT_PROJECT_VERSION = 1;
				GENERATE_INFOPLIST_FILE = YES;
				MACOSX_DEPLOYMENT_TARGET = 15.4;
				MARKETING_VERSION = 1.0;
				PRODUCT_BUNDLE_IDENTIFIER = SwiftUI.SwiftPDFEditorTests;
				PRODUCT_NAME = "$(TARGET_NAME)";
				SWIFT_EMIT_LOC_STRINGS = NO;
				SWIFT_VERSION = 5.0;
				TEST_HOST = "$(BUILT_PRODUCTS_DIR)/SwiftPDFEditor.app/$(BUNDLE_EXECUTABLE_FOLDER_PATH)/SwiftPDFEditor";
			};
			name = Release;
		};
		52C834862DC16901002169F7 /* Debug */ = {
			isa = XCBuildConfiguration;
			buildSettings = {
				CODE_SIGN_STYLE = Automatic;
				CURRENT_PROJECT_VERSION = 1;
				GENERATE_INFOPLIST_FILE = YES;
				MARKETING_VERSION = 1.0;
				PRODUCT_BUNDLE_IDENTIFIER = SwiftUI.SwiftPDFEditorUITests;
				PRODUCT_NAME = "$(TARGET_NAME)";
				SWIFT_EMIT_LOC_STRINGS = NO;
				SWIFT_VERSION = 5.0;
				TEST_TARGET_NAME = SwiftPDFEditor;
			};
			name = Debug;
		};
		52C834872DC16901002169F7 /* Release */ = {
			isa = XCBuildConfiguration;
			buildSettings = {
				CODE_SIGN_STYLE = Automatic;
				CURRENT_PROJECT_VERSION = 1;
				GENERATE_INFOPLIST_FILE = YES;
				MARKETING_VERSION = 1.0;
				PRODUCT_BUNDLE_IDENTIFIER = SwiftUI.SwiftPDFEditorUITests;
				PRODUCT_NAME = "$(TARGET_NAME)";
				SWIFT_EMIT_LOC_STRINGS = NO;
				SWIFT_VERSION = 5.0;
				TEST_TARGET_NAME = SwiftPDFEditor;
			};
			name = Release;
		};
/* End XCBuildConfiguration section */

/* Begin XCConfigurationList section */
		52C834582DC16900002169F7 /* Build configuration list for PBXProject "SwiftPDFEditor" */ = {
			isa = XCConfigurationList;
			buildConfigurations = (
				52C8347D2DC16901002169F7 /* Debug */,
				52C8347E2DC16901002169F7 /* Release */,
			);
			defaultConfigurationIsVisible = 0;
			defaultConfigurationName = Release;
		};
		52C8347F2DC16901002169F7 /* Build configuration list for PBXNativeTarget "SwiftPDFEditor" */ = {
			isa = XCConfigurationList;
			buildConfigurations = (
				52C834802DC16901002169F7 /* Debug */,
				52C834812DC16901002169F7 /* Release */,
			);
			defaultConfigurationIsVisible = 0;
			defaultConfigurationName = Release;
		};
		52C834822DC16901002169F7 /* Build configuration list for PBXNativeTarget "SwiftPDFEditorTests" */ = {
			isa = XCConfigurationList;
			buildConfigurations = (
				52C834832DC16901002169F7 /* Debug */,
				52C834842DC16901002169F7 /* Release */,
			);
			defaultConfigurationIsVisible = 0;
			defaultConfigurationName = Release;
		};
		52C834852DC16901002169F7 /* Build configuration list for PBXNativeTarget "SwiftPDFEditorUITests" */ = {
			isa = XCConfigurationList;
			buildConfigurations = (
				52C834862DC16901002169F7 /* Debug */,
				52C834872DC16901002169F7 /* Release */,
			);
			defaultConfigurationIsVisible = 0;
			defaultConfigurationName = Release;
		};
/* End XCConfigurationList section */
	};
	rootObject = 52C834552DC16900002169F7 /* Project object */;
}
